// !$*UTF8*$!
{
	archiveVersion = 1;
	classes = {
	};
	objectVersion = 46;
	objects = {

/* Begin PBXBuildFile section */
		4AFC727913F9469600E429EF /* main.cpp in Sources */ = {isa = PBXBuildFile; fileRef = 4AFC727813F9469600E429EF /* main.cpp */; };
/* End PBXBuildFile section */

/* Begin PBXCopyFilesBuildPhase section */
		4AFC727213F9469600E429EF /* CopyFiles */ = {
			isa = PBXCopyFilesBuildPhase;
			buildActionMask = 2147483647;
			dstPath = /usr/share/man/man1/;
			dstSubfolderSpec = 0;
			files = (
			);
			runOnlyForDeploymentPostprocessing = 1;
		};
/* End PBXCopyFilesBuildPhase section */

/* Begin PBXFileReference section */
		4AFC727413F9469600E429EF /* gittest */ = {isa = PBXFileReference; explicitFileType = "compiled.mach-o.executable"; includeInIndex = 0; path = gittest; sourceTree = BUILT_PRODUCTS_DIR; };
		4AFC727813F9469600E429EF /* main.cpp */ = {isa = PBXFileReference; lastKnownFileType = sourcecode.cpp.cpp; path = main.cpp; sourceTree = "<group>"; };
		4AFC727A13F9469600E429EF /* gittest.1 */ = {isa = PBXFileReference; lastKnownFileType = text.man; path = gittest.1; sourceTree = "<group>"; };
/* End PBXFileReference section */

/* Begin PBXFrameworksBuildPhase section */
		4AFC727113F9469600E429EF /* Frameworks */ = {
			isa = PBXFrameworksBuildPhase;
			buildActionMask = 2147483647;
			files = (
			);
			runOnlyForDeploymentPostprocessing = 0;
		};
/* End PBXFrameworksBuildPhase section */

/* Begin PBXGroup section */
		4AFC726913F9469500E429EF = {
			isa = PBXGroup;
			children = (
				4AFC727713F9469600E429EF /* gittest */,
				4AFC727513F9469600E429EF /* Products */,
			);
			sourceTree = "<group>";
		};
		4AFC727513F9469600E429EF /* Products */ = {
			isa = PBXGroup;
			children = (
				4AFC727413F9469600E429EF /* gittest */,
			);
			name = Products;
			sourceTree = "<group>";
		};
		4AFC727713F9469600E429EF /* gittest */ = {
			isa = PBXGroup;
			children = (
				4AFC727813F9469600E429EF /* main.cpp */,
				4AFC727A13F9469600E429EF /* gittest.1 */,
			);
			path = gittest;
			sourceTree = "<group>";
		};
/* End PBXGroup section */

/* Begin PBXNativeTarget section */
		4AFC727313F9469600E429EF /* gittest */ = {
			isa = PBXNativeTarget;
			buildConfigurationList = 4AFC727D13F9469600E429EF /* Build configuration list for PBXNativeTarget "gittest" */;
			buildPhases = (
				4AFC727013F9469600E429EF /* Sources */,
				4AFC727113F9469600E429EF /* Frameworks */,
				4AFC727213F9469600E429EF /* CopyFiles */,
			);
			buildRules = (
			);
			dependencies = (
			);
			name = gittest;
			productName = gittest;
			productReference = 4AFC727413F9469600E429EF /* gittest */;
			productType = "com.apple.product-type.tool";
		};
/* End PBXNativeTarget section */

/* Begin PBXProject section */
		4AFC726B13F9469500E429EF /* Project object */ = {
			isa = PBXProject;
			buildConfigurationList = 4AFC726E13F9469500E429EF /* Build configuration list for PBXProject "gittest" */;
			compatibilityVersion = "Xcode 3.2";
			developmentRegion = English;
			hasScannedForEncodings = 0;
			knownRegions = (
				en,
			);
			mainGroup = 4AFC726913F9469500E429EF;
			productRefGroup = 4AFC727513F9469600E429EF /* Products */;
			projectDirPath = "";
			projectRoot = "";
			targets = (
				4AFC727313F9469600E429EF /* gittest */,
			);
		};
/* End PBXProject section */

/* Begin PBXSourcesBuildPhase section */
		4AFC727013F9469600E429EF /* Sources */ = {
			isa = PBXSourcesBuildPhase;
			buildActionMask = 2147483647;
			files = (
				4AFC727913F9469600E429EF /* main.cpp in Sources */,
			);
			runOnlyForDeploymentPostprocessing = 0;
		};
/* End PBXSourcesBuildPhase section */

/* Begin XCBuildConfiguration section */
		4AFC727B13F9469600E429EF /* Debug */ = {
			isa = XCBuildConfiguration;
			buildSettings = {
				ARCHS = "$(ARCHS_STANDARD_32_64_BIT)";
				GCC_C_LANGUAGE_STANDARD = gnu99;
				GCC_OPTIMIZATION_LEVEL = 0;
				GCC_PREPROCESSOR_DEFINITIONS = DEBUG;
				GCC_SYMBOLS_PRIVATE_EXTERN = NO;
				GCC_VERSION = com.apple.compilers.llvm.clang.1_0;
				GCC_WARN_64_TO_32_BIT_CONVERSION = YES;
				GCC_WARN_ABOUT_RETURN_TYPE = YES;
				GCC_WARN_UNUSED_VARIABLE = YES;
				MACOSX_DEPLOYMENT_TARGET = 10.6;
				ONLY_ACTIVE_ARCH = YES;
				SDKROOT = macosx;
			};
			name = Debug;
		};
		4AFC727C13F9469600E429EF /* Release */ = {
			isa = XCBuildConfiguration;
			buildSettings = {
				ARCHS = "$(ARCHS_STANDARD_32_64_BIT)";
				GCC_C_LANGUAGE_STANDARD = gnu99;
				GCC_VERSION = com.apple.compilers.llvm.clang.1_0;
				GCC_WARN_64_TO_32_BIT_CONVERSION = YES;
				GCC_WARN_ABOUT_RETURN_TYPE = YES;
				GCC_WARN_UNUSED_VARIABLE = YES;
				MACOSX_DEPLOYMENT_TARGET = 10.6;
				SDKROOT = macosx;
			};
			name = Release;
		};
		4AFC727E13F9469600E429EF /* Debug */ = {
			isa = XCBuildConfiguration;
			buildSettings = {
				ALWAYS_SEARCH_USER_PATHS = NO;
				COPY_PHASE_STRIP = NO;
				GCC_DYNAMIC_NO_PIC = NO;
				GCC_ENABLE_OBJC_EXCEPTIONS = YES;
				PRODUCT_NAME = "$(TARGET_NAME)";
			};
			name = Debug;
		};
		4AFC727F13F9469600E429EF /* Release */ = {
			isa = XCBuildConfiguration;
			buildSettings = {
				ALWAYS_SEARCH_USER_PATHS = NO;
				COPY_PHASE_STRIP = YES;
				DEBUG_INFORMATION_FORMAT = "dwarf-with-dsym";
				GCC_ENABLE_OBJC_EXCEPTIONS = YES;
				PRODUCT_NAME = "$(TARGET_NAME)";
			};
			name = Release;
		};
/* End XCBuildConfiguration section */

/* Begin XCConfigurationList section */
		4AFC726E13F9469500E429EF /* Build configuration list for PBXProject "gittest" */ = {
			isa = XCConfigurationList;
			buildConfigurations = (
				4AFC727B13F9469600E429EF /* Debug */,
				4AFC727C13F9469600E429EF /* Release */,
			);
			defaultConfigurationIsVisible = 0;
			defaultConfigurationName = Release;
		};
		4AFC727D13F9469600E429EF /* Build configuration list for PBXNativeTarget "gittest" */ = {
			isa = XCConfigurationList;
			buildConfigurations = (
				4AFC727E13F9469600E429EF /* Debug */,
				4AFC727F13F9469600E429EF /* Release */,
			);
			defaultConfigurationIsVisible = 0;
		};
/* End XCConfigurationList section */
	};
	rootObject = 4AFC726B13F9469500E429EF /* Project object */;
}
